
Microsoft Visual Studio Solution File, Format Version 12.00
# Visual Studio Version 16
VisualStudioVersion = 16.0.31112.23
MinimumVisualStudioVersion = 10.0.40219.1
Project("{FAE04EC0-301F-11D3-BF4B-00C04F79EFBC}") = "IDAL", "IDAL\IDAL.csproj", "{0F9ADA5E-3665-40D7-8087-E6A94019ACCA}"
EndProject
Project("{FAE04EC0-301F-11D3-BF4B-00C04F79EFBC}") = "DALFactory", "DALFactory\DALFactory.csproj", "{8F82DE33-21E1-42BB-A45A-17CBC98F165C}"
EndProject
Project("{FAE04EC0-301F-11D3-BF4B-00C04F79EFBC}") = "BLL", "BLL\BLL.csproj", "{8295707B-189E-43A7-96A0-4911EE667887}"
EndProject
Project("{FAE04EC0-301F-11D3-BF4B-00C04F79EFBC}") = "SqlDAL", "SqlDAL\SqlDAL.csproj", "{5FFC9C92-48EF-4341-A1DC-F764FCD605F6}"
EndProject
Project("{FAE04EC0-301F-11D3-BF4B-00C04F79EFBC}") = "Models", "Models\Models.csproj", "{36A3B662-0777-4A94-B457-FDF3F47A4894}"
EndProject
Project("{FAE04EC0-301F-11D3-BF4B-00C04F79EFBC}") = "TheCreation-Manager", "TheCreation-Manager\TheCreation-Manager.csproj", "{D57B8220-5221-4B69-8B91-B2E22A1A4115}"
EndProject
Global
	GlobalSection(SolutionConfigurationPlatforms) = preSolution
		Debug|Any CPU = Debug|Any CPU
		Debug|ARM = Debug|ARM
		Debug|ARM64 = Debug|ARM64
		Debug|x64 = Debug|x64
		Debug|x86 = Debug|x86
		Release|Any CPU = Release|Any CPU
		Release|ARM = Release|ARM
		Release|ARM64 = Release|ARM64
		Release|x64 = Release|x64
		Release|x86 = Release|x86
	EndGlobalSection
	GlobalSection(ProjectConfigurationPlatforms) = postSolution
		{0F9ADA5E-3665-40D7-8087-E6A94019ACCA}.Debug|Any CPU.ActiveCfg = Debug|Any CPU
		{0F9ADA5E-3665-40D7-8087-E6A94019ACCA}.Debug|Any CPU.Build.0 = Debug|Any CPU
		{0F9ADA5E-3665-40D7-8087-E6A94019ACCA}.Debug|ARM.ActiveCfg = Debug|Any CPU
		{0F9ADA5E-3665-40D7-8087-E6A94019ACCA}.Debug|ARM.Build.0 = Debug|Any CPU
		{0F9ADA5E-3665-40D7-8087-E6A94019ACCA}.Debug|ARM64.ActiveCfg = Debug|Any CPU
		{0F9ADA5E-3665-40D7-8087-E6A94019ACCA}.Debug|ARM64.Build.0 = Debug|Any CPU
		{0F9ADA5E-3665-40D7-8087-E6A94019ACCA}.Debug|x64.ActiveCfg = Debug|Any CPU
		{0F9ADA5E-3665-40D7-8087-E6A94019ACCA}.Debug|x64.Build.0 = Debug|Any CPU
		{0F9ADA5E-3665-40D7-8087-E6A94019ACCA}.Debug|x86.ActiveCfg = Debug|Any CPU
		{0F9ADA5E-3665-40D7-8087-E6A94019ACCA}.Debug|x86.Build.0 = Debug|Any CPU
		{0F9ADA5E-3665-40D7-8087-E6A94019ACCA}.Release|Any CPU.ActiveCfg = Release|Any CPU
		{0F9ADA5E-3665-40D7-8087-E6A94019ACCA}.Release|Any CPU.Build.0 = Release|Any CPU
		{0F9ADA5E-3665-40D7-8087-E6A94019ACCA}.Release|ARM.ActiveCfg = Release|Any CPU
		{0F9ADA5E-3665-40D7-8087-E6A94019ACCA}.Release|ARM.Build.0 = Release|Any CPU
		{0F9ADA5E-3665-40D7-8087-E6A94019ACCA}.Release|ARM64.ActiveCfg = Release|Any CPU
		{0F9ADA5E-3665-40D7-8087-E6A94019ACCA}.Release|ARM64.Build.0 = Release|Any CPU
		{0F9ADA5E-3665-40D7-8087-E6A94019ACCA}.Release|x64.ActiveCfg = Release|Any CPU
		{0F9ADA5E-3665-40D7-8087-E6A94019ACCA}.Release|x64.Build.0 = Release|Any CPU
		{0F9ADA5E-3665-40D7-8087-E6A94019ACCA}.Release|x86.ActiveCfg = Release|Any CPU
		{0F9ADA5E-3665-40D7-8087-E6A94019ACCA}.Release|x86.Build.0 = Release|Any CPU
		{8F82DE33-21E1-42BB-A45A-17CBC98F165C}.Debug|Any CPU.ActiveCfg = Debug|Any CPU
		{8F82DE33-21E1-42BB-A45A-17CBC98F165C}.Debug|Any CPU.Build.0 = Debug|Any CPU
		{8F82DE33-21E1-42BB-A45A-17CBC98F165C}.Debug|ARM.ActiveCfg = Debug|Any CPU
		{8F82DE33-21E1-42BB-A45A-17CBC98F165C}.Debug|ARM.Build.0 = Debug|Any CPU
		{8F82DE33-21E1-42BB-A45A-17CBC98F165C}.Debug|ARM64.ActiveCfg = Debug|Any CPU
		{8F82DE33-21E1-42BB-A45A-17CBC98F165C}.Debug|ARM64.Build.0 = Debug|Any CPU
		{8F82DE33-21E1-42BB-A45A-17CBC98F165C}.Debug|x64.ActiveCfg = Debug|Any CPU
		{8F82DE33-21E1-42BB-A45A-17CBC98F165C}.Debug|x64.Build.0 = Debug|Any CPU
		{8F82DE33-21E1-42BB-A45A-17CBC98F165C}.Debug|x86.ActiveCfg = Debug|Any CPU
		{8F82DE33-21E1-42BB-A45A-17CBC98F165C}.Debug|x86.Build.0 = Debug|Any CPU
		{8F82DE33-21E1-42BB-A45A-17CBC98F165C}.Release|Any CPU.ActiveCfg = Release|Any CPU
		{8F82DE33-21E1-42BB-A45A-17CBC98F165C}.Release|Any CPU.Build.0 = Release|Any CPU
		{8F82DE33-21E1-42BB-A45A-17CBC98F165C}.Release|ARM.ActiveCfg = Release|Any CPU
		{8F82DE33-21E1-42BB-A45A-17CBC98F165C}.Release|ARM.Build.0 = Release|Any CPU
		{8F82DE33-21E1-42BB-A45A-17CBC98F165C}.Release|ARM64.ActiveCfg = Release|Any CPU
		{8F82DE33-21E1-42BB-A45A-17CBC98F165C}.Release|ARM64.Build.0 = Release|Any CPU
		{8F82DE33-21E1-42BB-A45A-17CBC98F165C}.Release|x64.ActiveCfg = Release|Any CPU
		{8F82DE33-21E1-42BB-A45A-17CBC98F165C}.Release|x64.Build.0 = Release|Any CPU
		{8F82DE33-21E1-42BB-A45A-17CBC98F165C}.Release|x86.ActiveCfg = Release|Any CPU
		{8F82DE33-21E1-42BB-A45A-17CBC98F165C}.Release|x86.Build.0 = Release|Any CPU
		{8295707B-189E-43A7-96A0-4911EE667887}.Debug|Any CPU.ActiveCfg = Debug|Any CPU
		{8295707B-189E-43A7-96A0-4911EE667887}.Debug|Any CPU.Build.0 = Debug|Any CPU
		{8295707B-189E-43A7-96A0-4911EE667887}.Debug|ARM.ActiveCfg = Debug|Any CPU
		{8295707B-189E-43A7-96A0-4911EE667887}.Debug|ARM.Build.0 = Debug|Any CPU
		{8295707B-189E-43A7-96A0-4911EE667887}.Debug|ARM64.ActiveCfg = Debug|Any CPU
		{8295707B-189E-43A7-96A0-4911EE667887}.Debug|ARM64.Build.0 = Debug|Any CPU
		{8295707B-189E-43A7-96A0-4911EE667887}.Debug|x64.ActiveCfg = Debug|Any CPU
		{8295707B-189E-43A7-96A0-4911EE667887}.Debug|x64.Build.0 = Debug|Any CPU
		{8295707B-189E-43A7-96A0-4911EE667887}.Debug|x86.ActiveCfg = Debug|Any CPU
		{8295707B-189E-43A7-96A0-4911EE667887}.Debug|x86.Build.0 = Debug|Any CPU
		{8295707B-189E-43A7-96A0-4911EE667887}.Release|Any CPU.ActiveCfg = Release|Any CPU
		{8295707B-189E-43A7-96A0-4911EE667887}.Release|Any CPU.Build.0 = Release|Any CPU
		{8295707B-189E-43A7-96A0-4911EE667887}.Release|ARM.ActiveCfg = Release|Any CPU
		{8295707B-189E-43A7-96A0-4911EE667887}.Release|ARM.Build.0 = Release|Any CPU
		{8295707B-189E-43A7-96A0-4911EE667887}.Release|ARM64.ActiveCfg = Release|Any CPU
		{8295707B-189E-43A7-96A0-4911EE667887}.Release|ARM64.Build.0 = Release|Any CPU
		{8295707B-189E-43A7-96A0-4911EE667887}.Release|x64.ActiveCfg = Release|Any CPU
		{8295707B-189E-43A7-96A0-4911EE667887}.Release|x64.Build.0 = Release|Any CPU
		{8295707B-189E-43A7-96A0-4911EE667887}.Release|x86.ActiveCfg = Release|Any CPU
		{8295707B-189E-43A7-96A0-4911EE667887}.Release|x86.Build.0 = Release|Any CPU
		{5FFC9C92-48EF-4341-A1DC-F764FCD605F6}.Debug|Any CPU.ActiveCfg = Debug|Any CPU
		{5FFC9C92-48EF-4341-A1DC-F764FCD605F6}.Debug|Any CPU.Build.0 = Debug|Any CPU
		{5FFC9C92-48EF-4341-A1DC-F764FCD605F6}.Debug|ARM.ActiveCfg = Debug|Any CPU
		{5FFC9C92-48EF-4341-A1DC-F764FCD605F6}.Debug|ARM.Build.0 = Debug|Any CPU
		{5FFC9C92-48EF-4341-A1DC-F764FCD605F6}.Debug|ARM64.ActiveCfg = Debug|Any CPU
		{5FFC9C92-48EF-4341-A1DC-F764FCD605F6}.Debug|ARM64.Build.0 = Debug|Any CPU
		{5FFC9C92-48EF-4341-A1DC-F764FCD605F6}.Debug|x64.ActiveCfg = Debug|Any CPU
		{5FFC9C92-48EF-4341-A1DC-F764FCD605F6}.Debug|x64.Build.0 = Debug|Any CPU
		{5FFC9C92-48EF-4341-A1DC-F764FCD605F6}.Debug|x86.ActiveCfg = Debug|Any CPU
		{5FFC9C92-48EF-4341-A1DC-F764FCD605F6}.Debug|x86.Build.0 = Debug|Any CPU
		{5FFC9C92-48EF-4341-A1DC-F764FCD605F6}.Release|Any CPU.ActiveCfg = Release|Any CPU
		{5FFC9C92-48EF-4341-A1DC-F764FCD605F6}.Release|Any CPU.Build.0 = Release|Any CPU
		{5FFC9C92-48EF-4341-A1DC-F764FCD605F6}.Release|ARM.ActiveCfg = Release|Any CPU
		{5FFC9C92-48EF-4341-A1DC-F764FCD605F6}.Release|ARM.Build.0 = Release|Any CPU
		{5FFC9C92-48EF-4341-A1DC-F764FCD605F6}.Release|ARM64.ActiveCfg = Release|Any CPU
		{5FFC9C92-48EF-4341-A1DC-F764FCD605F6}.Release|ARM64.Build.0 = Release|Any CPU
		{5FFC9C92-48EF-4341-A1DC-F764FCD605F6}.Release|x64.ActiveCfg = Release|Any CPU
		{5FFC9C92-48EF-4341-A1DC-F764FCD605F6}.Release|x64.Build.0 = Release|Any CPU
		{5FFC9C92-48EF-4341-A1DC-F764FCD605F6}.Release|x86.ActiveCfg = Release|Any CPU
		{5FFC9C92-48EF-4341-A1DC-F764FCD605F6}.Release|x86.Build.0 = Release|Any CPU
		{36A3B662-0777-4A94-B457-FDF3F47A4894}.Debug|Any CPU.ActiveCfg = Debug|Any CPU
		{36A3B662-0777-4A94-B457-FDF3F47A4894}.Debug|Any CPU.Build.0 = Debug|Any CPU
		{36A3B662-0777-4A94-B457-FDF3F47A4894}.Debug|ARM.ActiveCfg = Debug|Any CPU
		{36A3B662-0777-4A94-B457-FDF3F47A4894}.Debug|ARM.Build.0 = Debug|Any CPU
		{36A3B662-0777-4A94-B457-FDF3F47A4894}.Debug|ARM64.ActiveCfg = Debug|Any CPU
		{36A3B662-0777-4A94-B457-FDF3F47A4894}.Debug|ARM64.Build.0 = Debug|Any CPU
		{36A3B662-0777-4A94-B457-FDF3F47A4894}.Debug|x64.ActiveCfg = Debug|Any CPU
		{36A3B662-0777-4A94-B457-FDF3F47A4894}.Debug|x64.Build.0 = Debug|Any CPU
		{36A3B662-0777-4A94-B457-FDF3F47A4894}.Debug|x86.ActiveCfg = Debug|Any CPU
		{36A3B662-0777-4A94-B457-FDF3F47A4894}.Debug|x86.Build.0 = Debug|Any CPU
		{36A3B662-0777-4A94-B457-FDF3F47A4894}.Release|Any CPU.ActiveCfg = Release|Any CPU
		{36A3B662-0777-4A94-B457-FDF3F47A4894}.Release|Any CPU.Build.0 = Release|Any CPU
		{36A3B662-0777-4A94-B457-FDF3F47A4894}.Release|ARM.ActiveCfg = Release|Any CPU
		{36A3B662-0777-4A94-B457-FDF3F47A4894}.Release|ARM.Build.0 = Release|Any CPU
		{36A3B662-0777-4A94-B457-FDF3F47A4894}.Release|ARM64.ActiveCfg = Release|Any CPU
		{36A3B662-0777-4A94-B457-FDF3F47A4894}.Release|ARM64.Build.0 = Release|Any CPU
		{36A3B662-0777-4A94-B457-FDF3F47A4894}.Release|x64.ActiveCfg = Release|Any CPU
		{36A3B662-0777-4A94-B457-FDF3F47A4894}.Release|x64.Build.0 = Release|Any CPU
		{36A3B662-0777-4A94-B457-FDF3F47A4894}.Release|x86.ActiveCfg = Release|Any CPU
		{36A3B662-0777-4A94-B457-FDF3F47A4894}.Release|x86.Build.0 = Release|Any CPU
		{D57B8220-5221-4B69-8B91-B2E22A1A4115}.Debug|Any CPU.ActiveCfg = Debug|Any CPU
		{D57B8220-5221-4B69-8B91-B2E22A1A4115}.Debug|Any CPU.Build.0 = Debug|Any CPU
		{D57B8220-5221-4B69-8B91-B2E22A1A4115}.Debug|ARM.ActiveCfg = Debug|Any CPU
		{D57B8220-5221-4B69-8B91-B2E22A1A4115}.Debug|ARM.Build.0 = Debug|Any CPU
		{D57B8220-5221-4B69-8B91-B2E22A1A4115}.Debug|ARM64.ActiveCfg = Debug|Any CPU
		{D57B8220-5221-4B69-8B91-B2E22A1A4115}.Debug|ARM64.Build.0 = Debug|Any CPU
		{D57B8220-5221-4B69-8B91-B2E22A1A4115}.Debug|x64.ActiveCfg = Debug|Any CPU
		{D57B8220-5221-4B69-8B91-B2E22A1A4115}.Debug|x64.Build.0 = Debug|Any CPU
		{D57B8220-5221-4B69-8B91-B2E22A1A4115}.Debug|x86.ActiveCfg = Debug|Any CPU
		{D57B8220-5221-4B69-8B91-B2E22A1A4115}.Debug|x86.Build.0 = Debug|Any CPU
		{D57B8220-5221-4B69-8B91-B2E22A1A4115}.Release|Any CPU.ActiveCfg = Release|Any CPU
		{D57B8220-5221-4B69-8B91-B2E22A1A4115}.Release|Any CPU.Build.0 = Release|Any CPU
		{D57B8220-5221-4B69-8B91-B2E22A1A4115}.Release|ARM.ActiveCfg = Release|Any CPU
		{D57B8220-5221-4B69-8B91-B2E22A1A4115}.Release|ARM.Build.0 = Release|Any CPU
		{D57B8220-5221-4B69-8B91-B2E22A1A4115}.Release|ARM64.ActiveCfg = Release|Any CPU
		{D57B8220-5221-4B69-8B91-B2E22A1A4115}.Release|ARM64.Build.0 = Release|Any CPU
		{D57B8220-5221-4B69-8B91-B2E22A1A4115}.Release|x64.ActiveCfg = Release|Any CPU
		{D57B8220-5221-4B69-8B91-B2E22A1A4115}.Release|x64.Build.0 = Release|Any CPU
		{D57B8220-5221-4B69-8B91-B2E22A1A4115}.Release|x86.ActiveCfg = Release|Any CPU
		{D57B8220-5221-4B69-8B91-B2E22A1A4115}.Release|x86.Build.0 = Release|Any CPU
	EndGlobalSection
	GlobalSection(SolutionProperties) = preSolution
		HideSolutionNode = FALSE
	EndGlobalSection
	GlobalSection(ExtensibilityGlobals) = postSolution
		SolutionGuid = {6325FF34-41AF-4C0C-A8EF-7DB3B7477540}
	EndGlobalSection
EndGlobal
